
Microsoft Visual Studio Solution File, Format Version 12.00
# Visual Studio Version 16
VisualStudioVersion = 16.0.29102.190
MinimumVisualStudioVersion = 10.0.40219.1
Project("{9A19103F-16F7-4668-BE54-9A1E7A4F7556}") = "WebApi", "WebApi\WebApi.csproj", "{77206F97-0CDB-4625-B31A-2E15A6FE3782}"
EndProject
Project("{2150E333-8FDC-42A3-9474-1A3956D46DE8}") = "Solution Items", "Solution Items", "{5E1C35B9-2076-41AB-8463-C2B162BFE7B6}"
	ProjectSection(SolutionItems) = preProject
		..\README.md = ..\README.md
	EndProjectSection
EndProject
Project("{FAE04EC0-301F-11D3-BF4B-00C04F79EFBC}") = "Application", "Application\Application.csproj", "{1ECEA04C-746C-4A0E-A8A2-B03D2788CAC5}"
EndProject
Project("{FAE04EC0-301F-11D3-BF4B-00C04F79EFBC}") = "Infrastructure", "Infrastructure\Infrastructure.csproj", "{F4F058B5-4474-4D01-B232-324559192187}"
EndProject
Project("{FAE04EC0-301F-11D3-BF4B-00C04F79EFBC}") = "Domain", "Domain\Domain.csproj", "{D2C15E75-D34C-4C63-BD9F-1DC6AB1DFA6E}"
EndProject
Project("{FAE04EC0-301F-11D3-BF4B-00C04F79EFBC}") = "Extension", "Extension\Extension.csproj", "{C9F87BFD-B0E3-47DB-9E3F-31EDD8B2A666}"
EndProject
Project("{FAE04EC0-301F-11D3-BF4B-00C04F79EFBC}") = "Infrastructure.EntityFramework", "Infrastructure.EntityFramework\Infrastructure.EntityFramework.csproj", "{5247A060-0C01-4A9A-878D-3E8B35056008}"
EndProject
Project("{FAE04EC0-301F-11D3-BF4B-00C04F79EFBC}") = "Infrastructure.EntityFramework.SqlServer", "Infrastructure.EntityFramework.SqlServer\Infrastructure.EntityFramework.SqlServer.csproj", "{B8DE12EA-BF09-4F48-896F-A81DD933B8B6}"
EndProject
Project("{FAE04EC0-301F-11D3-BF4B-00C04F79EFBC}") = "Infrastructure.EntityFramework.InMemory", "Infrastructure.EntityFramework.InMemory\Infrastructure.EntityFramework.InMemory.csproj", "{7B415733-2736-4C01-B231-EC699AD086D8}"
EndProject
Global
	GlobalSection(SolutionConfigurationPlatforms) = preSolution
		Debug|Any CPU = Debug|Any CPU
		Release|Any CPU = Release|Any CPU
	EndGlobalSection
	GlobalSection(ProjectConfigurationPlatforms) = postSolution
		{77206F97-0CDB-4625-B31A-2E15A6FE3782}.Debug|Any CPU.ActiveCfg = Debug|Any CPU
		{77206F97-0CDB-4625-B31A-2E15A6FE3782}.Debug|Any CPU.Build.0 = Debug|Any CPU
		{77206F97-0CDB-4625-B31A-2E15A6FE3782}.Release|Any CPU.ActiveCfg = Release|Any CPU
		{77206F97-0CDB-4625-B31A-2E15A6FE3782}.Release|Any CPU.Build.0 = Release|Any CPU
		{1ECEA04C-746C-4A0E-A8A2-B03D2788CAC5}.Debug|Any CPU.ActiveCfg = Debug|Any CPU
		{1ECEA04C-746C-4A0E-A8A2-B03D2788CAC5}.Debug|Any CPU.Build.0 = Debug|Any CPU
		{1ECEA04C-746C-4A0E-A8A2-B03D2788CAC5}.Release|Any CPU.ActiveCfg = Release|Any CPU
		{1ECEA04C-746C-4A0E-A8A2-B03D2788CAC5}.Release|Any CPU.Build.0 = Release|Any CPU
		{F4F058B5-4474-4D01-B232-324559192187}.Debug|Any CPU.ActiveCfg = Debug|Any CPU
		{F4F058B5-4474-4D01-B232-324559192187}.Debug|Any CPU.Build.0 = Debug|Any CPU
		{F4F058B5-4474-4D01-B232-324559192187}.Release|Any CPU.ActiveCfg = Release|Any CPU
		{F4F058B5-4474-4D01-B232-324559192187}.Release|Any CPU.Build.0 = Release|Any CPU
		{D2C15E75-D34C-4C63-BD9F-1DC6AB1DFA6E}.Debug|Any CPU.ActiveCfg = Debug|Any CPU
		{D2C15E75-D34C-4C63-BD9F-1DC6AB1DFA6E}.Debug|Any CPU.Build.0 = Debug|Any CPU
		{D2C15E75-D34C-4C63-BD9F-1DC6AB1DFA6E}.Release|Any CPU.ActiveCfg = Release|Any CPU
		{D2C15E75-D34C-4C63-BD9F-1DC6AB1DFA6E}.Release|Any CPU.Build.0 = Release|Any CPU
		{C9F87BFD-B0E3-47DB-9E3F-31EDD8B2A666}.Debug|Any CPU.ActiveCfg = Debug|Any CPU
		{C9F87BFD-B0E3-47DB-9E3F-31EDD8B2A666}.Debug|Any CPU.Build.0 = Debug|Any CPU
		{C9F87BFD-B0E3-47DB-9E3F-31EDD8B2A666}.Release|Any CPU.ActiveCfg = Release|Any CPU
		{C9F87BFD-B0E3-47DB-9E3F-31EDD8B2A666}.Release|Any CPU.Build.0 = Release|Any CPU
		{5247A060-0C01-4A9A-878D-3E8B35056008}.Debug|Any CPU.ActiveCfg = Debug|Any CPU
		{5247A060-0C01-4A9A-878D-3E8B35056008}.Debug|Any CPU.Build.0 = Debug|Any CPU
		{5247A060-0C01-4A9A-878D-3E8B35056008}.Release|Any CPU.ActiveCfg = Release|Any CPU
		{5247A060-0C01-4A9A-878D-3E8B35056008}.Release|Any CPU.Build.0 = Release|Any CPU
		{B8DE12EA-BF09-4F48-896F-A81DD933B8B6}.Debug|Any CPU.ActiveCfg = Debug|Any CPU
		{B8DE12EA-BF09-4F48-896F-A81DD933B8B6}.Debug|Any CPU.Build.0 = Debug|Any CPU
		{B8DE12EA-BF09-4F48-896F-A81DD933B8B6}.Release|Any CPU.ActiveCfg = Release|Any CPU
		{B8DE12EA-BF09-4F48-896F-A81DD933B8B6}.Release|Any CPU.Build.0 = Release|Any CPU
		{7B415733-2736-4C01-B231-EC699AD086D8}.Debug|Any CPU.ActiveCfg = Debug|Any CPU
		{7B415733-2736-4C01-B231-EC699AD086D8}.Debug|Any CPU.Build.0 = Debug|Any CPU
		{7B415733-2736-4C01-B231-EC699AD086D8}.Release|Any CPU.ActiveCfg = Release|Any CPU
		{7B415733-2736-4C01-B231-EC699AD086D8}.Release|Any CPU.Build.0 = Release|Any CPU
	EndGlobalSection
	GlobalSection(SolutionProperties) = preSolution
		HideSolutionNode = FALSE
	EndGlobalSection
	GlobalSection(ExtensibilityGlobals) = postSolution
		SolutionGuid = {A8DC39B4-D2A1-475C-A5E4-8E9F6E78F709}
	EndGlobalSection
EndGlobal
