
Microsoft Visual Studio Solution File, Format Version 12.00
# Visual Studio Version 16
VisualStudioVersion = 16.0.29102.190
MinimumVisualStudioVersion = 10.0.40219.1
Project("{FAE04EC0-301F-11D3-BF4B-00C04F79EFBC}") = "WebApi", "WebApi\WebApi.csproj", "{77206F97-0CDB-4625-B31A-2E15A6FE3782}"
EndProject
Global
	GlobalSection(SolutionConfigurationPlatforms) = preSolution
		Debug|Any CPU = Debug|Any CPU
		Release|Any CPU = Release|Any CPU
	EndGlobalSection
	GlobalSection(ProjectConfigurationPlatforms) = postSolution
		{77206F97-0CDB-4625-B31A-2E15A6FE3782}.Debug|Any CPU.ActiveCfg = Debug|Any CPU
		{77206F97-0CDB-4625-B31A-2E15A6FE3782}.Debug|Any CPU.Build.0 = Debug|Any CPU
		{77206F97-0CDB-4625-B31A-2E15A6FE3782}.Release|Any CPU.ActiveCfg = Release|Any CPU
		{77206F97-0CDB-4625-B31A-2E15A6FE3782}.Release|Any CPU.Build.0 = Release|Any CPU
	EndGlobalSection
	GlobalSection(SolutionProperties) = preSolution
		HideSolutionNode = FALSE
	EndGlobalSection
	GlobalSection(ExtensibilityGlobals) = postSolution
		SolutionGuid = {A8DC39B4-D2A1-475C-A5E4-8E9F6E78F709}
	EndGlobalSection
EndGlobal
